// !$*UTF8*$!
{
	archiveVersion = 1;
	classes = {
	};
	objectVersion = 46;
	objects = {

/* Begin PBXBuildFile section */
		503ABCD91DB10DF900618AC1 /* Task.swift in Sources */ = {isa = PBXBuildFile; fileRef = 503ABCD81DB10DF900618AC1 /* Task.swift */; };
		503ABCDD1DB13EDC00618AC1 /* MasterViewController.swift in Sources */ = {isa = PBXBuildFile; fileRef = 503ABCDC1DB13EDC00618AC1 /* MasterViewController.swift */; };
		503ABCDF1DB1417500618AC1 /* DetailViewController.swift in Sources */ = {isa = PBXBuildFile; fileRef = 503ABCDE1DB1417500618AC1 /* DetailViewController.swift */; };
		503ABCE21DB1442A00618AC1 /* TaskTableViewCell.swift in Sources */ = {isa = PBXBuildFile; fileRef = 503ABCE11DB1442A00618AC1 /* TaskTableViewCell.swift */; };
		503ABCE41DB1711300618AC1 /* ImageViewController.swift in Sources */ = {isa = PBXBuildFile; fileRef = 503ABCE31DB1711300618AC1 /* ImageViewController.swift */; };
		503ABCE61DB2273E00618AC1 /* ShareViewController.swift in Sources */ = {isa = PBXBuildFile; fileRef = 503ABCE51DB2273E00618AC1 /* ShareViewController.swift */; };
		503ABCE81DB404F000618AC1 /* Simple.swift in Sources */ = {isa = PBXBuildFile; fileRef = 503ABCE71DB404F000618AC1 /* Simple.swift */; };
		505043C91D8F0850005A2D7C /* NSString+Additions.m in Sources */ = {isa = PBXBuildFile; fileRef = 505043C81D8F0850005A2D7C /* NSString+Additions.m */; };
		507122051D8D6A0F005D6EF9 /* AppDelegate.swift in Sources */ = {isa = PBXBuildFile; fileRef = 507122041D8D6A0F005D6EF9 /* AppDelegate.swift */; };
		5071220A1D8D6A0F005D6EF9 /* Main.storyboard in Resources */ = {isa = PBXBuildFile; fileRef = 507122081D8D6A0F005D6EF9 /* Main.storyboard */; };
		5071220C1D8D6A0F005D6EF9 /* Assets.xcassets in Resources */ = {isa = PBXBuildFile; fileRef = 5071220B1D8D6A0F005D6EF9 /* Assets.xcassets */; };
		5071220F1D8D6A0F005D6EF9 /* LaunchScreen.storyboard in Resources */ = {isa = PBXBuildFile; fileRef = 5071220D1D8D6A0F005D6EF9 /* LaunchScreen.storyboard */; };
		5071221A1D8D6A0F005D6EF9 /* TodoLightSwiftTests.swift in Sources */ = {isa = PBXBuildFile; fileRef = 507122191D8D6A0F005D6EF9 /* TodoLightSwiftTests.swift */; };
		507122261D8DC9F7005D6EF9 /* LoginViewController.swift in Sources */ = {isa = PBXBuildFile; fileRef = 507122251D8DC9F7005D6EF9 /* LoginViewController.swift */; };
		50C207A41DB02AE300A43FA0 /* Profile.swift in Sources */ = {isa = PBXBuildFile; fileRef = 50C207A31DB02AE300A43FA0 /* Profile.swift */; };
		50C207A61DB0FFDB00A43FA0 /* List.swift in Sources */ = {isa = PBXBuildFile; fileRef = 50C207A51DB0FFDB00A43FA0 /* List.swift */; };
		50C207A81DB1000C00A43FA0 /* Titled.swift in Sources */ = {isa = PBXBuildFile; fileRef = 50C207A71DB1000C00A43FA0 /* Titled.swift */; };
		7828BA371B68CDE105CA0B16 /* Pods_TodoLightSwift.framework in Frameworks */ = {isa = PBXBuildFile; fileRef = EF73A2490EAC6CA0FD3A7725 /* Pods_TodoLightSwift.framework */; };
/* End PBXBuildFile section */

/* Begin PBXContainerItemProxy section */
		507122161D8D6A0F005D6EF9 /* PBXContainerItemProxy */ = {
			isa = PBXContainerItemProxy;
			containerPortal = 507121F91D8D6A0F005D6EF9 /* Project object */;
			proxyType = 1;
			remoteGlobalIDString = 507122001D8D6A0F005D6EF9;
			remoteInfo = TodoLightSwift;
		};
/* End PBXContainerItemProxy section */

/* Begin PBXFileReference section */
		503ABCD81DB10DF900618AC1 /* Task.swift */ = {isa = PBXFileReference; fileEncoding = 4; lastKnownFileType = sourcecode.swift; path = Task.swift; sourceTree = "<group>"; };
		503ABCDC1DB13EDC00618AC1 /* MasterViewController.swift */ = {isa = PBXFileReference; fileEncoding = 4; lastKnownFileType = sourcecode.swift; path = MasterViewController.swift; sourceTree = "<group>"; };
		503ABCDE1DB1417500618AC1 /* DetailViewController.swift */ = {isa = PBXFileReference; fileEncoding = 4; lastKnownFileType = sourcecode.swift; path = DetailViewController.swift; sourceTree = "<group>"; };
		503ABCE11DB1442A00618AC1 /* TaskTableViewCell.swift */ = {isa = PBXFileReference; fileEncoding = 4; lastKnownFileType = sourcecode.swift; path = TaskTableViewCell.swift; sourceTree = "<group>"; };
		503ABCE31DB1711300618AC1 /* ImageViewController.swift */ = {isa = PBXFileReference; fileEncoding = 4; lastKnownFileType = sourcecode.swift; path = ImageViewController.swift; sourceTree = "<group>"; };
		503ABCE51DB2273E00618AC1 /* ShareViewController.swift */ = {isa = PBXFileReference; fileEncoding = 4; lastKnownFileType = sourcecode.swift; path = ShareViewController.swift; sourceTree = "<group>"; };
		503ABCE71DB404F000618AC1 /* Simple.swift */ = {isa = PBXFileReference; fileEncoding = 4; lastKnownFileType = sourcecode.swift; path = Simple.swift; sourceTree = "<group>"; };
		505043C11D8DD5A2005A2D7C /* Podfile */ = {isa = PBXFileReference; lastKnownFileType = text; path = Podfile; sourceTree = SOURCE_ROOT; };
		505043C21D8EFD52005A2D7C /* TodoLightSwift.entitlements */ = {isa = PBXFileReference; lastKnownFileType = text.plist.entitlements; path = TodoLightSwift.entitlements; sourceTree = "<group>"; };
		505043C31D8F0239005A2D7C /* TodoLightSwift-Bridging-Header.h */ = {isa = PBXFileReference; lastKnownFileType = sourcecode.c.h; path = "TodoLightSwift-Bridging-Header.h"; sourceTree = "<group>"; };
		505043C71D8F0850005A2D7C /* NSString+Additions.h */ = {isa = PBXFileReference; fileEncoding = 4; lastKnownFileType = sourcecode.c.h; path = "NSString+Additions.h"; sourceTree = "<group>"; };
		505043C81D8F0850005A2D7C /* NSString+Additions.m */ = {isa = PBXFileReference; fileEncoding = 4; lastKnownFileType = sourcecode.c.objc; path = "NSString+Additions.m"; sourceTree = "<group>"; };
		507122011D8D6A0F005D6EF9 /* TodoLightSwift.app */ = {isa = PBXFileReference; explicitFileType = wrapper.application; includeInIndex = 0; path = TodoLightSwift.app; sourceTree = BUILT_PRODUCTS_DIR; };
		507122041D8D6A0F005D6EF9 /* AppDelegate.swift */ = {isa = PBXFileReference; lastKnownFileType = sourcecode.swift; path = AppDelegate.swift; sourceTree = "<group>"; };
		507122091D8D6A0F005D6EF9 /* Base */ = {isa = PBXFileReference; lastKnownFileType = file.storyboard; name = Base; path = Base.lproj/Main.storyboard; sourceTree = "<group>"; };
		5071220B1D8D6A0F005D6EF9 /* Assets.xcassets */ = {isa = PBXFileReference; lastKnownFileType = folder.assetcatalog; path = Assets.xcassets; sourceTree = "<group>"; };
		5071220E1D8D6A0F005D6EF9 /* Base */ = {isa = PBXFileReference; lastKnownFileType = file.storyboard; name = Base; path = Base.lproj/LaunchScreen.storyboard; sourceTree = "<group>"; };
		507122101D8D6A0F005D6EF9 /* Info.plist */ = {isa = PBXFileReference; lastKnownFileType = text.plist.xml; path = Info.plist; sourceTree = "<group>"; };
		507122151D8D6A0F005D6EF9 /* TodoLightSwiftTests.xctest */ = {isa = PBXFileReference; explicitFileType = wrapper.cfbundle; includeInIndex = 0; path = TodoLightSwiftTests.xctest; sourceTree = BUILT_PRODUCTS_DIR; };
		507122191D8D6A0F005D6EF9 /* TodoLightSwiftTests.swift */ = {isa = PBXFileReference; lastKnownFileType = sourcecode.swift; path = TodoLightSwiftTests.swift; sourceTree = "<group>"; };
		5071221B1D8D6A0F005D6EF9 /* Info.plist */ = {isa = PBXFileReference; lastKnownFileType = text.plist.xml; path = Info.plist; sourceTree = "<group>"; };
		507122251D8DC9F7005D6EF9 /* LoginViewController.swift */ = {isa = PBXFileReference; fileEncoding = 4; lastKnownFileType = sourcecode.swift; path = LoginViewController.swift; sourceTree = "<group>"; };
		50C207A31DB02AE300A43FA0 /* Profile.swift */ = {isa = PBXFileReference; fileEncoding = 4; lastKnownFileType = sourcecode.swift; path = Profile.swift; sourceTree = "<group>"; };
		50C207A51DB0FFDB00A43FA0 /* List.swift */ = {isa = PBXFileReference; fileEncoding = 4; lastKnownFileType = sourcecode.swift; path = List.swift; sourceTree = "<group>"; };
		50C207A71DB1000C00A43FA0 /* Titled.swift */ = {isa = PBXFileReference; fileEncoding = 4; lastKnownFileType = sourcecode.swift; path = Titled.swift; sourceTree = "<group>"; };
		6B763C51606FF068DAB09A9F /* Pods-TodoLightSwift.release.xcconfig */ = {isa = PBXFileReference; includeInIndex = 1; lastKnownFileType = text.xcconfig; name = "Pods-TodoLightSwift.release.xcconfig"; path = "Pods/Target Support Files/Pods-TodoLightSwift/Pods-TodoLightSwift.release.xcconfig"; sourceTree = "<group>"; };
		8A2A7CB28565E3B8C4C86254 /* Pods-TodoLightSwift.debug.xcconfig */ = {isa = PBXFileReference; includeInIndex = 1; lastKnownFileType = text.xcconfig; name = "Pods-TodoLightSwift.debug.xcconfig"; path = "Pods/Target Support Files/Pods-TodoLightSwift/Pods-TodoLightSwift.debug.xcconfig"; sourceTree = "<group>"; };
		EF73A2490EAC6CA0FD3A7725 /* Pods_TodoLightSwift.framework */ = {isa = PBXFileReference; explicitFileType = wrapper.framework; includeInIndex = 0; path = Pods_TodoLightSwift.framework; sourceTree = BUILT_PRODUCTS_DIR; };
/* End PBXFileReference section */

/* Begin PBXFrameworksBuildPhase section */
		507121FE1D8D6A0F005D6EF9 /* Frameworks */ = {
			isa = PBXFrameworksBuildPhase;
			buildActionMask = 2147483647;
			files = (
				7828BA371B68CDE105CA0B16 /* Pods_TodoLightSwift.framework in Frameworks */,
			);
			runOnlyForDeploymentPostprocessing = 0;
		};
		507122121D8D6A0F005D6EF9 /* Frameworks */ = {
			isa = PBXFrameworksBuildPhase;
			buildActionMask = 2147483647;
			files = (
			);
			runOnlyForDeploymentPostprocessing = 0;
		};
/* End PBXFrameworksBuildPhase section */

/* Begin PBXGroup section */
		503ABCE01DB1440400618AC1 /* View */ = {
			isa = PBXGroup;
			children = (
				503ABCE11DB1442A00618AC1 /* TaskTableViewCell.swift */,
			);
			name = View;
			sourceTree = "<group>";
		};
		505043C41D8F0646005A2D7C /* Extensions */ = {
			isa = PBXGroup;
			children = (
				505043C71D8F0850005A2D7C /* NSString+Additions.h */,
				505043C81D8F0850005A2D7C /* NSString+Additions.m */,
			);
			name = Extensions;
			sourceTree = "<group>";
		};
		507121F81D8D6A0F005D6EF9 = {
			isa = PBXGroup;
			children = (
				507122031D8D6A0F005D6EF9 /* TodoLightSwift */,
				507122181D8D6A0F005D6EF9 /* TodoLightSwiftTests */,
				507122021D8D6A0F005D6EF9 /* Products */,
				B0345D2F83318A78E84960B6 /* Pods */,
				D8374D86A201C12742E5CD94 /* Frameworks */,
			);
			sourceTree = "<group>";
		};
		507122021D8D6A0F005D6EF9 /* Products */ = {
			isa = PBXGroup;
			children = (
				507122011D8D6A0F005D6EF9 /* TodoLightSwift.app */,
				507122151D8D6A0F005D6EF9 /* TodoLightSwiftTests.xctest */,
			);
			name = Products;
			sourceTree = "<group>";
		};
		507122031D8D6A0F005D6EF9 /* TodoLightSwift */ = {
			isa = PBXGroup;
			children = (
				505043C41D8F0646005A2D7C /* Extensions */,
				50C207A21DB02AB200A43FA0 /* Model */,
				503ABCE01DB1440400618AC1 /* View */,
				507122241D8DC9E0005D6EF9 /* ViewControllers */,
				505043C21D8EFD52005A2D7C /* TodoLightSwift.entitlements */,
				505043C11D8DD5A2005A2D7C /* Podfile */,
				507122041D8D6A0F005D6EF9 /* AppDelegate.swift */,
				507122081D8D6A0F005D6EF9 /* Main.storyboard */,
				5071220B1D8D6A0F005D6EF9 /* Assets.xcassets */,
				5071220D1D8D6A0F005D6EF9 /* LaunchScreen.storyboard */,
				507122101D8D6A0F005D6EF9 /* Info.plist */,
				505043C31D8F0239005A2D7C /* TodoLightSwift-Bridging-Header.h */,
			);
			path = TodoLightSwift;
			sourceTree = "<group>";
		};
		507122181D8D6A0F005D6EF9 /* TodoLightSwiftTests */ = {
			isa = PBXGroup;
			children = (
				507122191D8D6A0F005D6EF9 /* TodoLightSwiftTests.swift */,
				5071221B1D8D6A0F005D6EF9 /* Info.plist */,
			);
			path = TodoLightSwiftTests;
			sourceTree = "<group>";
		};
		507122241D8DC9E0005D6EF9 /* ViewControllers */ = {
			isa = PBXGroup;
			children = (
				507122251D8DC9F7005D6EF9 /* LoginViewController.swift */,
				503ABCDC1DB13EDC00618AC1 /* MasterViewController.swift */,
				503ABCDE1DB1417500618AC1 /* DetailViewController.swift */,
				503ABCE31DB1711300618AC1 /* ImageViewController.swift */,
				503ABCE51DB2273E00618AC1 /* ShareViewController.swift */,
			);
			name = ViewControllers;
			sourceTree = "<group>";
		};
		50C207A21DB02AB200A43FA0 /* Model */ = {
			isa = PBXGroup;
			children = (
				50C207A31DB02AE300A43FA0 /* Profile.swift */,
				50C207A51DB0FFDB00A43FA0 /* List.swift */,
				50C207A71DB1000C00A43FA0 /* Titled.swift */,
				503ABCD81DB10DF900618AC1 /* Task.swift */,
				503ABCE71DB404F000618AC1 /* Simple.swift */,
			);
			name = Model;
			sourceTree = "<group>";
		};
		B0345D2F83318A78E84960B6 /* Pods */ = {
			isa = PBXGroup;
			children = (
				8A2A7CB28565E3B8C4C86254 /* Pods-TodoLightSwift.debug.xcconfig */,
				6B763C51606FF068DAB09A9F /* Pods-TodoLightSwift.release.xcconfig */,
			);
			name = Pods;
			sourceTree = "<group>";
		};
		D8374D86A201C12742E5CD94 /* Frameworks */ = {
			isa = PBXGroup;
			children = (
				EF73A2490EAC6CA0FD3A7725 /* Pods_TodoLightSwift.framework */,
			);
			name = Frameworks;
			sourceTree = "<group>";
		};
/* End PBXGroup section */

/* Begin PBXNativeTarget section */
		507122001D8D6A0F005D6EF9 /* TodoLightSwift */ = {
			isa = PBXNativeTarget;
			buildConfigurationList = 5071221E1D8D6A0F005D6EF9 /* Build configuration list for PBXNativeTarget "TodoLightSwift" */;
			buildPhases = (
				17A9D1E8F13B3B3AB5D432A8 /* 📦 Check Pods Manifest.lock */,
				507121FD1D8D6A0F005D6EF9 /* Sources */,
				507121FE1D8D6A0F005D6EF9 /* Frameworks */,
				507121FF1D8D6A0F005D6EF9 /* Resources */,
				975C679E3D8190BA1A0785E0 /* 📦 Embed Pods Frameworks */,
				6C2D99F7C7BCE6993310F90E /* 📦 Copy Pods Resources */,
			);
			buildRules = (
			);
			dependencies = (
			);
			name = TodoLightSwift;
			productName = TodoLightSwift;
			productReference = 507122011D8D6A0F005D6EF9 /* TodoLightSwift.app */;
			productType = "com.apple.product-type.application";
		};
		507122141D8D6A0F005D6EF9 /* TodoLightSwiftTests */ = {
			isa = PBXNativeTarget;
			buildConfigurationList = 507122211D8D6A0F005D6EF9 /* Build configuration list for PBXNativeTarget "TodoLightSwiftTests" */;
			buildPhases = (
				507122111D8D6A0F005D6EF9 /* Sources */,
				507122121D8D6A0F005D6EF9 /* Frameworks */,
				507122131D8D6A0F005D6EF9 /* Resources */,
			);
			buildRules = (
			);
			dependencies = (
				507122171D8D6A0F005D6EF9 /* PBXTargetDependency */,
			);
			name = TodoLightSwiftTests;
			productName = TodoLightSwiftTests;
			productReference = 507122151D8D6A0F005D6EF9 /* TodoLightSwiftTests.xctest */;
			productType = "com.apple.product-type.bundle.unit-test";
		};
/* End PBXNativeTarget section */

/* Begin PBXProject section */
		507121F91D8D6A0F005D6EF9 /* Project object */ = {
			isa = PBXProject;
			attributes = {
				LastSwiftUpdateCheck = 0800;
				LastUpgradeCheck = 0800;
				ORGANIZATIONNAME = "Max Rozdobudko";
				TargetAttributes = {
					507122001D8D6A0F005D6EF9 = {
						CreatedOnToolsVersion = 8.0;
						DevelopmentTeam = GL9F4DL9W9;
						ProvisioningStyle = Automatic;
						SystemCapabilities = {
							com.apple.Keychain = {
								enabled = 1;
							};
						};
					};
					507122141D8D6A0F005D6EF9 = {
						CreatedOnToolsVersion = 8.0;
						DevelopmentTeam = GL9F4DL9W9;
						ProvisioningStyle = Automatic;
						TestTargetID = 507122001D8D6A0F005D6EF9;
					};
				};
			};
			buildConfigurationList = 507121FC1D8D6A0F005D6EF9 /* Build configuration list for PBXProject "TodoLightSwift" */;
			compatibilityVersion = "Xcode 3.2";
			developmentRegion = English;
			hasScannedForEncodings = 0;
			knownRegions = (
				en,
				Base,
			);
			mainGroup = 507121F81D8D6A0F005D6EF9;
			productRefGroup = 507122021D8D6A0F005D6EF9 /* Products */;
			projectDirPath = "";
			projectRoot = "";
			targets = (
				507122001D8D6A0F005D6EF9 /* TodoLightSwift */,
				507122141D8D6A0F005D6EF9 /* TodoLightSwiftTests */,
			);
		};
/* End PBXProject section */

/* Begin PBXResourcesBuildPhase section */
		507121FF1D8D6A0F005D6EF9 /* Resources */ = {
			isa = PBXResourcesBuildPhase;
			buildActionMask = 2147483647;
			files = (
				5071220F1D8D6A0F005D6EF9 /* LaunchScreen.storyboard in Resources */,
				5071220C1D8D6A0F005D6EF9 /* Assets.xcassets in Resources */,
				5071220A1D8D6A0F005D6EF9 /* Main.storyboard in Resources */,
			);
			runOnlyForDeploymentPostprocessing = 0;
		};
		507122131D8D6A0F005D6EF9 /* Resources */ = {
			isa = PBXResourcesBuildPhase;
			buildActionMask = 2147483647;
			files = (
			);
			runOnlyForDeploymentPostprocessing = 0;
		};
/* End PBXResourcesBuildPhase section */

/* Begin PBXShellScriptBuildPhase section */
		17A9D1E8F13B3B3AB5D432A8 /* 📦 Check Pods Manifest.lock */ = {
			isa = PBXShellScriptBuildPhase;
			buildActionMask = 2147483647;
			files = (
			);
			inputPaths = (
			);
			name = "📦 Check Pods Manifest.lock";
			outputPaths = (
			);
			runOnlyForDeploymentPostprocessing = 0;
			shellPath = /bin/sh;
			shellScript = "diff \"${PODS_ROOT}/../Podfile.lock\" \"${PODS_ROOT}/Manifest.lock\" > /dev/null\nif [[ $? != 0 ]] ; then\n    cat << EOM\nerror: The sandbox is not in sync with the Podfile.lock. Run 'pod install' or update your CocoaPods installation.\nEOM\n    exit 1\nfi\n";
			showEnvVarsInLog = 0;
		};
		6C2D99F7C7BCE6993310F90E /* 📦 Copy Pods Resources */ = {
			isa = PBXShellScriptBuildPhase;
			buildActionMask = 2147483647;
			files = (
			);
			inputPaths = (
			);
			name = "📦 Copy Pods Resources";
			outputPaths = (
			);
			runOnlyForDeploymentPostprocessing = 0;
			shellPath = /bin/sh;
			shellScript = "\"${SRCROOT}/Pods/Target Support Files/Pods-TodoLightSwift/Pods-TodoLightSwift-resources.sh\"\n";
			showEnvVarsInLog = 0;
		};
		975C679E3D8190BA1A0785E0 /* 📦 Embed Pods Frameworks */ = {
			isa = PBXShellScriptBuildPhase;
			buildActionMask = 2147483647;
			files = (
			);
			inputPaths = (
			);
			name = "📦 Embed Pods Frameworks";
			outputPaths = (
			);
			runOnlyForDeploymentPostprocessing = 0;
			shellPath = /bin/sh;
			shellScript = "\"${SRCROOT}/Pods/Target Support Files/Pods-TodoLightSwift/Pods-TodoLightSwift-frameworks.sh\"\n";
			showEnvVarsInLog = 0;
		};
/* End PBXShellScriptBuildPhase section */

/* Begin PBXSourcesBuildPhase section */
		507121FD1D8D6A0F005D6EF9 /* Sources */ = {
			isa = PBXSourcesBuildPhase;
			buildActionMask = 2147483647;
			files = (
				503ABCE81DB404F000618AC1 /* Simple.swift in Sources */,
				503ABCDF1DB1417500618AC1 /* DetailViewController.swift in Sources */,
				503ABCDD1DB13EDC00618AC1 /* MasterViewController.swift in Sources */,
				503ABCE21DB1442A00618AC1 /* TaskTableViewCell.swift in Sources */,
				507122261D8DC9F7005D6EF9 /* LoginViewController.swift in Sources */,
				50C207A41DB02AE300A43FA0 /* Profile.swift in Sources */,
				507122051D8D6A0F005D6EF9 /* AppDelegate.swift in Sources */,
				503ABCE61DB2273E00618AC1 /* ShareViewController.swift in Sources */,
				50C207A81DB1000C00A43FA0 /* Titled.swift in Sources */,
				50C207A61DB0FFDB00A43FA0 /* List.swift in Sources */,
				503ABCD91DB10DF900618AC1 /* Task.swift in Sources */,
				503ABCE41DB1711300618AC1 /* ImageViewController.swift in Sources */,
				505043C91D8F0850005A2D7C /* NSString+Additions.m in Sources */,
			);
			runOnlyForDeploymentPostprocessing = 0;
		};
		507122111D8D6A0F005D6EF9 /* Sources */ = {
			isa = PBXSourcesBuildPhase;
			buildActionMask = 2147483647;
			files = (
				5071221A1D8D6A0F005D6EF9 /* TodoLightSwiftTests.swift in Sources */,
			);
			runOnlyForDeploymentPostprocessing = 0;
		};
/* End PBXSourcesBuildPhase section */

/* Begin PBXTargetDependency section */
		507122171D8D6A0F005D6EF9 /* PBXTargetDependency */ = {
			isa = PBXTargetDependency;
			target = 507122001D8D6A0F005D6EF9 /* TodoLightSwift */;
			targetProxy = 507122161D8D6A0F005D6EF9 /* PBXContainerItemProxy */;
		};
/* End PBXTargetDependency section */

/* Begin PBXVariantGroup section */
		507122081D8D6A0F005D6EF9 /* Main.storyboard */ = {
			isa = PBXVariantGroup;
			children = (
				507122091D8D6A0F005D6EF9 /* Base */,
			);
			name = Main.storyboard;
			sourceTree = "<group>";
		};
		5071220D1D8D6A0F005D6EF9 /* LaunchScreen.storyboard */ = {
			isa = PBXVariantGroup;
			children = (
				5071220E1D8D6A0F005D6EF9 /* Base */,
			);
			name = LaunchScreen.storyboard;
			sourceTree = "<group>";
		};
/* End PBXVariantGroup section */

/* Begin XCBuildConfiguration section */
		5071221C1D8D6A0F005D6EF9 /* Debug */ = {
			isa = XCBuildConfiguration;
			buildSettings = {
				ALWAYS_SEARCH_USER_PATHS = NO;
				CLANG_ANALYZER_NONNULL = YES;
				CLANG_CXX_LANGUAGE_STANDARD = "gnu++0x";
				CLANG_CXX_LIBRARY = "libc++";
				CLANG_ENABLE_MODULES = YES;
				CLANG_ENABLE_OBJC_ARC = YES;
				CLANG_WARN_BOOL_CONVERSION = YES;
				CLANG_WARN_CONSTANT_CONVERSION = YES;
				CLANG_WARN_DIRECT_OBJC_ISA_USAGE = YES_ERROR;
				CLANG_WARN_DOCUMENTATION_COMMENTS = YES;
				CLANG_WARN_EMPTY_BODY = YES;
				CLANG_WARN_ENUM_CONVERSION = YES;
				CLANG_WARN_INFINITE_RECURSION = YES;
				CLANG_WARN_INT_CONVERSION = YES;
				CLANG_WARN_OBJC_ROOT_CLASS = YES_ERROR;
				CLANG_WARN_SUSPICIOUS_MOVES = YES;
				CLANG_WARN_UNREACHABLE_CODE = YES;
				CLANG_WARN__DUPLICATE_METHOD_MATCH = YES;
				"CODE_SIGN_IDENTITY[sdk=iphoneos*]" = "iPhone Developer";
				COPY_PHASE_STRIP = NO;
				DEBUG_INFORMATION_FORMAT = dwarf;
				ENABLE_STRICT_OBJC_MSGSEND = YES;
				ENABLE_TESTABILITY = YES;
				GCC_C_LANGUAGE_STANDARD = gnu99;
				GCC_DYNAMIC_NO_PIC = NO;
				GCC_NO_COMMON_BLOCKS = YES;
				GCC_OPTIMIZATION_LEVEL = 0;
				GCC_PREPROCESSOR_DEFINITIONS = (
					"DEBUG=1",
					"$(inherited)",
				);
				GCC_WARN_64_TO_32_BIT_CONVERSION = YES;
				GCC_WARN_ABOUT_RETURN_TYPE = YES_ERROR;
				GCC_WARN_UNDECLARED_SELECTOR = YES;
				GCC_WARN_UNINITIALIZED_AUTOS = YES_AGGRESSIVE;
				GCC_WARN_UNUSED_FUNCTION = YES;
				GCC_WARN_UNUSED_VARIABLE = YES;
				IPHONEOS_DEPLOYMENT_TARGET = 9.0;
				MTL_ENABLE_DEBUG_INFO = YES;
				ONLY_ACTIVE_ARCH = YES;
				SDKROOT = iphoneos;
				SWIFT_ACTIVE_COMPILATION_CONDITIONS = DEBUG;
				SWIFT_OPTIMIZATION_LEVEL = "-Onone";
				TARGETED_DEVICE_FAMILY = "1,2";
			};
			name = Debug;
		};
		5071221D1D8D6A0F005D6EF9 /* Release */ = {
			isa = XCBuildConfiguration;
			buildSettings = {
				ALWAYS_SEARCH_USER_PATHS = NO;
				CLANG_ANALYZER_NONNULL = YES;
				CLANG_CXX_LANGUAGE_STANDARD = "gnu++0x";
				CLANG_CXX_LIBRARY = "libc++";
				CLANG_ENABLE_MODULES = YES;
				CLANG_ENABLE_OBJC_ARC = YES;
				CLANG_WARN_BOOL_CONVERSION = YES;
				CLANG_WARN_CONSTANT_CONVERSION = YES;
				CLANG_WARN_DIRECT_OBJC_ISA_USAGE = YES_ERROR;
				CLANG_WARN_DOCUMENTATION_COMMENTS = YES;
				CLANG_WARN_EMPTY_BODY = YES;
				CLANG_WARN_ENUM_CONVERSION = YES;
				CLANG_WARN_INFINITE_RECURSION = YES;
				CLANG_WARN_INT_CONVERSION = YES;
				CLANG_WARN_OBJC_ROOT_CLASS = YES_ERROR;
				CLANG_WARN_SUSPICIOUS_MOVES = YES;
				CLANG_WARN_UNREACHABLE_CODE = YES;
				CLANG_WARN__DUPLICATE_METHOD_MATCH = YES;
				"CODE_SIGN_IDENTITY[sdk=iphoneos*]" = "iPhone Developer";
				COPY_PHASE_STRIP = NO;
				DEBUG_INFORMATION_FORMAT = "dwarf-with-dsym";
				ENABLE_NS_ASSERTIONS = NO;
				ENABLE_STRICT_OBJC_MSGSEND = YES;
				GCC_C_LANGUAGE_STANDARD = gnu99;
				GCC_NO_COMMON_BLOCKS = YES;
				GCC_WARN_64_TO_32_BIT_CONVERSION = YES;
				GCC_WARN_ABOUT_RETURN_TYPE = YES_ERROR;
				GCC_WARN_UNDECLARED_SELECTOR = YES;
				GCC_WARN_UNINITIALIZED_AUTOS = YES_AGGRESSIVE;
				GCC_WARN_UNUSED_FUNCTION = YES;
				GCC_WARN_UNUSED_VARIABLE = YES;
				IPHONEOS_DEPLOYMENT_TARGET = 9.0;
				MTL_ENABLE_DEBUG_INFO = NO;
				SDKROOT = iphoneos;
				SWIFT_OPTIMIZATION_LEVEL = "-Owholemodule";
				TARGETED_DEVICE_FAMILY = "1,2";
				VALIDATE_PRODUCT = YES;
			};
			name = Release;
		};
		5071221F1D8D6A0F005D6EF9 /* Debug */ = {
			isa = XCBuildConfiguration;
			baseConfigurationReference = 8A2A7CB28565E3B8C4C86254 /* Pods-TodoLightSwift.debug.xcconfig */;
			buildSettings = {
				ASSETCATALOG_COMPILER_APPICON_NAME = AppIcon;
				CODE_SIGN_ENTITLEMENTS = TodoLightSwift/TodoLightSwift.entitlements;
				DEVELOPMENT_TEAM = GL9F4DL9W9;
				INFOPLIST_FILE = TodoLightSwift/Info.plist;
				LD_RUNPATH_SEARCH_PATHS = "$(inherited) @executable_path/Frameworks";
				PRODUCT_BUNDLE_IDENTIFIER = com.github.rozd.TodoLightSwift;
				PRODUCT_NAME = "$(TARGET_NAME)";
				SWIFT_OBJC_BRIDGING_HEADER = "TodoLightSwift/TodoLightSwift-Bridging-Header.h";
				SWIFT_VERSION = 3.0;
			};
			name = Debug;
		};
		507122201D8D6A0F005D6EF9 /* Release */ = {
			isa = XCBuildConfiguration;
			baseConfigurationReference = 6B763C51606FF068DAB09A9F /* Pods-TodoLightSwift.release.xcconfig */;
			buildSettings = {
				ASSETCATALOG_COMPILER_APPICON_NAME = AppIcon;
				CODE_SIGN_ENTITLEMENTS = TodoLightSwift/TodoLightSwift.entitlements;
				DEVELOPMENT_TEAM = GL9F4DL9W9;
				INFOPLIST_FILE = TodoLightSwift/Info.plist;
				LD_RUNPATH_SEARCH_PATHS = "$(inherited) @executable_path/Frameworks";
				PRODUCT_BUNDLE_IDENTIFIER = com.github.rozd.TodoLightSwift;
				PRODUCT_NAME = "$(TARGET_NAME)";
				SWIFT_OBJC_BRIDGING_HEADER = "TodoLightSwift/TodoLightSwift-Bridging-Header.h";
				SWIFT_VERSION = 3.0;
			};
			name = Release;
		};
		507122221D8D6A0F005D6EF9 /* Debug */ = {
			isa = XCBuildConfiguration;
			buildSettings = {
				ALWAYS_EMBED_SWIFT_STANDARD_LIBRARIES = YES;
				BUNDLE_LOADER = "$(TEST_HOST)";
				DEVELOPMENT_TEAM = GL9F4DL9W9;
				INFOPLIST_FILE = TodoLightSwiftTests/Info.plist;
				LD_RUNPATH_SEARCH_PATHS = "$(inherited) @executable_path/Frameworks @loader_path/Frameworks";
				PRODUCT_BUNDLE_IDENTIFIER = com.github.rozd.TodoLightSwiftTests;
				PRODUCT_NAME = "$(TARGET_NAME)";
				SWIFT_VERSION = 3.0;
				TEST_HOST = "$(BUILT_PRODUCTS_DIR)/TodoLightSwift.app/TodoLightSwift";
			};
			name = Debug;
		};
		507122231D8D6A0F005D6EF9 /* Release */ = {
			isa = XCBuildConfiguration;
			buildSettings = {
				ALWAYS_EMBED_SWIFT_STANDARD_LIBRARIES = YES;
				BUNDLE_LOADER = "$(TEST_HOST)";
				DEVELOPMENT_TEAM = GL9F4DL9W9;
				INFOPLIST_FILE = TodoLightSwiftTests/Info.plist;
				LD_RUNPATH_SEARCH_PATHS = "$(inherited) @executable_path/Frameworks @loader_path/Frameworks";
				PRODUCT_BUNDLE_IDENTIFIER = com.github.rozd.TodoLightSwiftTests;
				PRODUCT_NAME = "$(TARGET_NAME)";
				SWIFT_VERSION = 3.0;
				TEST_HOST = "$(BUILT_PRODUCTS_DIR)/TodoLightSwift.app/TodoLightSwift";
			};
			name = Release;
		};
/* End XCBuildConfiguration section */

/* Begin XCConfigurationList section */
		507121FC1D8D6A0F005D6EF9 /* Build configuration list for PBXProject "TodoLightSwift" */ = {
			isa = XCConfigurationList;
			buildConfigurations = (
				5071221C1D8D6A0F005D6EF9 /* Debug */,
				5071221D1D8D6A0F005D6EF9 /* Release */,
			);
			defaultConfigurationIsVisible = 0;
			defaultConfigurationName = Release;
		};
		5071221E1D8D6A0F005D6EF9 /* Build configuration list for PBXNativeTarget "TodoLightSwift" */ = {
			isa = XCConfigurationList;
			buildConfigurations = (
				5071221F1D8D6A0F005D6EF9 /* Debug */,
				507122201D8D6A0F005D6EF9 /* Release */,
			);
			defaultConfigurationIsVisible = 0;
			defaultConfigurationName = Release;
		};
		507122211D8D6A0F005D6EF9 /* Build configuration list for PBXNativeTarget "TodoLightSwiftTests" */ = {
			isa = XCConfigurationList;
			buildConfigurations = (
				507122221D8D6A0F005D6EF9 /* Debug */,
				507122231D8D6A0F005D6EF9 /* Release */,
			);
			defaultConfigurationIsVisible = 0;
			defaultConfigurationName = Release;
		};
/* End XCConfigurationList section */
	};
	rootObject = 507121F91D8D6A0F005D6EF9 /* Project object */;
}
